
Microsoft Visual Studio Solution File, Format Version 12.00
# Visual Studio 15
VisualStudioVersion = 15.0.28307.271
MinimumVisualStudioVersion = 10.0.40219.1
Project("{E24C65DC-7377-472B-9ABA-BC803B73C61A}") = "APIConsumer", "APIConsumer\", "{96B1045F-6D38-4465-94D7-76722B36E563}"
	ProjectSection(WebsiteProperties) = preProject
		TargetFrameworkMoniker = ".NETFramework,Version%3Dv4.6.1"
		Debug.AspNetCompiler.VirtualPath = "/localhost_53687"
		Debug.AspNetCompiler.PhysicalPath = "APIConsumer\"
		Debug.AspNetCompiler.TargetPath = "PrecompiledWeb\localhost_53687\"
		Debug.AspNetCompiler.Updateable = "true"
		Debug.AspNetCompiler.ForceOverwrite = "true"
		Debug.AspNetCompiler.FixedNames = "false"
		Debug.AspNetCompiler.Debug = "True"
		Release.AspNetCompiler.VirtualPath = "/localhost_53687"
		Release.AspNetCompiler.PhysicalPath = "APIConsumer\"
		Release.AspNetCompiler.TargetPath = "PrecompiledWeb\localhost_53687\"
		Release.AspNetCompiler.Updateable = "true"
		Release.AspNetCompiler.ForceOverwrite = "true"
		Release.AspNetCompiler.FixedNames = "false"
		Release.AspNetCompiler.Debug = "False"
		VWDPort = "53687"
		SlnRelativePath = "APIConsumer\"
		DefaultWebSiteLanguage = "Visual C#"
	EndProjectSection
EndProject
Global
	GlobalSection(SolutionConfigurationPlatforms) = preSolution
		Debug|Any CPU = Debug|Any CPU
	EndGlobalSection
	GlobalSection(ProjectConfigurationPlatforms) = postSolution
		{96B1045F-6D38-4465-94D7-76722B36E563}.Debug|Any CPU.ActiveCfg = Debug|Any CPU
		{96B1045F-6D38-4465-94D7-76722B36E563}.Debug|Any CPU.Build.0 = Debug|Any CPU
	EndGlobalSection
	GlobalSection(SolutionProperties) = preSolution
		HideSolutionNode = FALSE
	EndGlobalSection
	GlobalSection(ExtensibilityGlobals) = postSolution
		SolutionGuid = {90A96A7E-D8CC-4692-AD7C-DC12C4F78D33}
	EndGlobalSection
EndGlobal
